
Microsoft Visual Studio Solution File, Format Version 12.00
# Visual Studio 15
VisualStudioVersion = 15.0.26206.0
MinimumVisualStudioVersion = 10.0.40219.1
Project("{2150E333-8FDC-42A3-9474-1A3956D46DE8}") = "src", "src", "{B79290B0-2046-4C36-BF45-D184B926642D}"
EndProject
Project("{FAE04EC0-301F-11D3-BF4B-00C04F79EFBC}") = "FooBar.Web", "src\FooBar.Web\FooBar.Web.csproj", "{813A040D-4133-4F02-B29A-82B37FC77861}"
EndProject
Global
	GlobalSection(SolutionConfigurationPlatforms) = preSolution
		Debug|Any CPU = Debug|Any CPU
		Debug|x64 = Debug|x64
		Debug|x86 = Debug|x86
		Release|Any CPU = Release|Any CPU
		Release|x64 = Release|x64
		Release|x86 = Release|x86
	EndGlobalSection
	GlobalSection(ProjectConfigurationPlatforms) = postSolution
		{813A040D-4133-4F02-B29A-82B37FC77861}.Debug|Any CPU.ActiveCfg = Debug|Any CPU
		{813A040D-4133-4F02-B29A-82B37FC77861}.Debug|Any CPU.Build.0 = Debug|Any CPU
		{813A040D-4133-4F02-B29A-82B37FC77861}.Debug|x64.ActiveCfg = Debug|x64
		{813A040D-4133-4F02-B29A-82B37FC77861}.Debug|x64.Build.0 = Debug|x64
		{813A040D-4133-4F02-B29A-82B37FC77861}.Debug|x86.ActiveCfg = Debug|x86
		{813A040D-4133-4F02-B29A-82B37FC77861}.Debug|x86.Build.0 = Debug|x86
		{813A040D-4133-4F02-B29A-82B37FC77861}.Release|Any CPU.ActiveCfg = Release|Any CPU
		{813A040D-4133-4F02-B29A-82B37FC77861}.Release|Any CPU.Build.0 = Release|Any CPU
		{813A040D-4133-4F02-B29A-82B37FC77861}.Release|x64.ActiveCfg = Release|x64
		{813A040D-4133-4F02-B29A-82B37FC77861}.Release|x64.Build.0 = Release|x64
		{813A040D-4133-4F02-B29A-82B37FC77861}.Release|x86.ActiveCfg = Release|x86
		{813A040D-4133-4F02-B29A-82B37FC77861}.Release|x86.Build.0 = Release|x86
	EndGlobalSection
	GlobalSection(SolutionProperties) = preSolution
		HideSolutionNode = FALSE
	EndGlobalSection
	GlobalSection(NestedProjects) = preSolution
		{813A040D-4133-4F02-B29A-82B37FC77861} = {B79290B0-2046-4C36-BF45-D184B926642D}
	EndGlobalSection
EndGlobal
